{
  "lockfileVersion": 1,
  "configVersion": 1,
  "workspaces": {
    "": {
      "name": "kirara",
      "dependencies": {
        "@ai-sdk/anthropic": "beta",
        "@ai-sdk/google": "^3.0.3",
        "@types/ws": "^8.18.1",
        "ai": "beta",
        "speaker": "^0.5.5",
        "voicevox-client": "^0.3.1",
        "ws": "^8.18.3",
        "zod": "^4.2.1",
      },
      "devDependencies": {
        "@biomejs/biome": "2.3.9",
        "@types/bun": "latest",
      },
      "peerDependencies": {
        "typescript": "^5",
      },
    },
  },
  "packages": {
    "@ai-sdk/anthropic": ["@ai-sdk/anthropic@3.0.0-beta.98", "", { "dependencies": { "@ai-sdk/provider": "3.0.0-beta.32", "@ai-sdk/provider-utils": "4.0.0-beta.59" }, "peerDependencies": { "zod": "^3.25.76 || ^4.1.8" } }, "sha512-XMWhml/fplgixqitIvOYFO+A9EsXiU2Kh6+b+F5AH7ILhVuJiQ3yPzaZ9ca4WcY/7NPnlLYmoUd2XcaF2qOopQ=="],

    "@ai-sdk/gateway": ["@ai-sdk/gateway@2.0.0-beta.93", "", { "dependencies": { "@ai-sdk/provider": "3.0.0-beta.32", "@ai-sdk/provider-utils": "4.0.0-beta.59", "@vercel/oidc": "3.0.5" }, "peerDependencies": { "zod": "^3.25.76 || ^4.1.8" } }, "sha512-yN0QzF4esw2XePXk/wCpGm+9SU45kYAGCiYLheDlS3iL6D+91rtb8RXL/5+iFENYFwqWyxEIj4Qiktm9djPFAg=="],

    "@ai-sdk/google": ["@ai-sdk/google@3.0.10", "", { "dependencies": { "@ai-sdk/provider": "3.0.4", "@ai-sdk/provider-utils": "4.0.8" }, "peerDependencies": { "zod": "^3.25.76 || ^4.1.8" } }, "sha512-qd2EM9SlD7wWFrq036hwKsuAgkCVxQbwJzctszdmzPs9yUZg795/gHtZRpKItZhbyHSNWhAHmJwEgKjD+HOzuQ=="],

    "@ai-sdk/provider": ["@ai-sdk/provider@3.0.0-beta.32", "", { "dependencies": { "json-schema": "^0.4.0" } }, "sha512-JWYyFAWiGRkB8lkKykPPmV+s2fwjApvOQ7vuf2lNWuPJGOWIBXQy3SBrNxhgPZwkm8QquKuPtB+LILT2PisE4w=="],

    "@ai-sdk/provider-utils": ["@ai-sdk/provider-utils@4.0.0-beta.59", "", { "dependencies": { "@ai-sdk/provider": "3.0.0-beta.32", "@standard-schema/spec": "^1.1.0", "eventsource-parser": "^3.0.6" }, "peerDependencies": { "zod": "^3.25.76 || ^4.1.8" } }, "sha512-Ide+xB/kMT54cEC0o8vKwtdL+YVzdpOtwYIDo11y7BOU4PYZUtT0F+IpfwxuLx+P1uMCPtz6pNZvCRIgCdVoig=="],

    "@biomejs/biome": ["@biomejs/biome@2.3.9", "", { "optionalDependencies": { "@biomejs/cli-darwin-arm64": "2.3.9", "@biomejs/cli-darwin-x64": "2.3.9", "@biomejs/cli-linux-arm64": "2.3.9", "@biomejs/cli-linux-arm64-musl": "2.3.9", "@biomejs/cli-linux-x64": "2.3.9", "@biomejs/cli-linux-x64-musl": "2.3.9", "@biomejs/cli-win32-arm64": "2.3.9", "@biomejs/cli-win32-x64": "2.3.9" }, "bin": { "biome": "bin/biome" } }, "sha512-js+34KpnY65I00k8P71RH0Uh2rJk4BrpxMGM5m2nBfM9XTlKE5N1URn5ydILPRyXXq4ebhKCjsvR+txS+D4z2A=="],

    "@biomejs/cli-darwin-arm64": ["@biomejs/cli-darwin-arm64@2.3.9", "", { "os": "darwin", "cpu": "arm64" }, "sha512-hHbYYnna/WBwem5iCpssQQLtm5ey8ADuDT8N2zqosk6LVWimlEuUnPy6Mbzgu4GWVriyL5ijWd+1zphX6ll4/A=="],

    "@biomejs/cli-darwin-x64": ["@biomejs/cli-darwin-x64@2.3.9", "", { "os": "darwin", "cpu": "x64" }, "sha512-sKMW5fpvGDmPdqCchtVH5MVlbVeSU3ad4CuKS45x8VHt3tNSC8CZ2QbxffAOKYK9v/mAeUiPC6Cx6+wtyU1q7g=="],

    "@biomejs/cli-linux-arm64": ["@biomejs/cli-linux-arm64@2.3.9", "", { "os": "linux", "cpu": "arm64" }, "sha512-BXBB6HbAgZI6T6QB8q6NSwIapVngqArP6K78BqkMerht7YjL6yWctqfeTnJm0qGF2bKBYFexslrbV+VTlM2E6g=="],

    "@biomejs/cli-linux-arm64-musl": ["@biomejs/cli-linux-arm64-musl@2.3.9", "", { "os": "linux", "cpu": "arm64" }, "sha512-JOHyG2nl8XDpncbMazm1uBSi1dPX9VbQDOjKcfSVXTqajD0PsgodMOKyuZ/PkBu5Lw877sWMTGKfEfpM7jE7Cw=="],

    "@biomejs/cli-linux-x64": ["@biomejs/cli-linux-x64@2.3.9", "", { "os": "linux", "cpu": "x64" }, "sha512-PjYuv2WLmvf0WtidxAkFjlElsn0P6qcvfPijrqu1j+3GoW3XSQh3ywGu7gZ25J25zrYj3KEovUjvUZB55ATrGw=="],

    "@biomejs/cli-linux-x64-musl": ["@biomejs/cli-linux-x64-musl@2.3.9", "", { "os": "linux", "cpu": "x64" }, "sha512-FUkb/5beCIC2trpqAbW9e095X4vamdlju80c1ExSmhfdrojLZnWkah/XfTSixKb/dQzbAjpD7vvs6rWkJ+P07Q=="],

    "@biomejs/cli-win32-arm64": ["@biomejs/cli-win32-arm64@2.3.9", "", { "os": "win32", "cpu": "arm64" }, "sha512-w48Yh/XbYHO2cBw8B5laK3vCAEKuocX5ItGXVDAqFE7Ze2wnR00/1vkY6GXglfRDOjWHu2XtxI0WKQ52x1qxEA=="],

    "@biomejs/cli-win32-x64": ["@biomejs/cli-win32-x64@2.3.9", "", { "os": "win32", "cpu": "x64" }, "sha512-90+J63VT7qImy9s3pkWL0ZX27VzVwMNCRzpLpe5yMzMYPbO1vcjL/w/Q5f/juAGMvP7a2Fd0H7IhAR6F7/i78A=="],

    "@opentelemetry/api": ["@opentelemetry/api@1.9.0", "", {}, "sha512-3giAOQvZiH5F9bMlMiv8+GSPMeqg0dbaeo58/0SlA9sxSqZhnUtxzX9/2FzyhS9sWQf5S0GJE0AKBrFqjpeYcg=="],

    "@standard-schema/spec": ["@standard-schema/spec@1.1.0", "", {}, "sha512-l2aFy5jALhniG5HgqrD6jXLi/rUWrKvqN/qJx6yoJsgKhblVd+iqqU4RCXavm/jPityDo5TCvKMnpjKnOriy0w=="],

    "@types/bun": ["@types/bun@1.3.6", "", { "dependencies": { "bun-types": "1.3.6" } }, "sha512-uWCv6FO/8LcpREhenN1d1b6fcspAB+cefwD7uti8C8VffIv0Um08TKMn98FynpTiU38+y2dUO55T11NgDt8VAA=="],

    "@types/node": ["@types/node@25.0.9", "", { "dependencies": { "undici-types": "~7.16.0" } }, "sha512-/rpCXHlCWeqClNBwUhDcusJxXYDjZTyE8v5oTO7WbL8eij2nKhUeU89/6xgjU7N4/Vh3He0BtyhJdQbDyhiXAw=="],

    "@types/ws": ["@types/ws@8.18.1", "", { "dependencies": { "@types/node": "*" } }, "sha512-ThVF6DCVhA8kUGy+aazFQ4kXQ7E1Ty7A3ypFOe0IcJV8O/M511G99AW24irKrW56Wt44yG9+ij8FaqoBGkuBXg=="],

    "@vercel/oidc": ["@vercel/oidc@3.0.5", "", {}, "sha512-fnYhv671l+eTTp48gB4zEsTW/YtRgRPnkI2nT7x6qw5rkI1Lq2hTmQIpHPgyThI0znLK+vX2n9XxKdXZ7BUbbw=="],

    "ai": ["ai@6.0.0-beta.169", "", { "dependencies": { "@ai-sdk/gateway": "2.0.0-beta.93", "@ai-sdk/provider": "3.0.0-beta.32", "@ai-sdk/provider-utils": "4.0.0-beta.59", "@opentelemetry/api": "1.9.0" }, "peerDependencies": { "zod": "^3.25.76 || ^4.1.8" } }, "sha512-I3xZ9zE06p+Jq9CPFBaQejzGPhWQvyBHH/YoS0PN9ia5Us1MUbIACN/rh/3ppnZST7B61G2gows/M6t7roZJ5g=="],

    "bindings": ["bindings@1.5.0", "", { "dependencies": { "file-uri-to-path": "1.0.0" } }, "sha512-p2q/t/mhvuOj/UeLlV6566GD/guowlr0hHxClI0W9m7MWYkL1F0hLo+0Aexs9HSPCtR1SXQ0TD3MMKrXZajbiQ=="],

    "buffer-alloc": ["buffer-alloc@1.2.0", "", { "dependencies": { "buffer-alloc-unsafe": "^1.1.0", "buffer-fill": "^1.0.0" } }, "sha512-CFsHQgjtW1UChdXgbyJGtnm+O/uLQeZdtbDo8mfUgYXCHSM1wgrVxXm6bSyrUuErEb+4sYVGCzASBRot7zyrow=="],

    "buffer-alloc-unsafe": ["buffer-alloc-unsafe@1.1.0", "", {}, "sha512-TEM2iMIEQdJ2yjPJoSIsldnleVaAk1oW3DBVUykyOLsEsFmEc9kn+SFFPz+gl54KQNxlDnAwCXosOS9Okx2xAg=="],

    "buffer-fill": ["buffer-fill@1.0.0", "", {}, "sha512-T7zexNBwiiaCOGDg9xNX9PBmjrubblRkENuptryuI64URkXDFum9il/JGL8Lm8wYfAXpredVXXZz7eMHilimiQ=="],

    "bun-types": ["bun-types@1.3.6", "", { "dependencies": { "@types/node": "*" } }, "sha512-OlFwHcnNV99r//9v5IIOgQ9Uk37gZqrNMCcqEaExdkVq3Avwqok1bJFmvGMCkCE0FqzdY8VMOZpfpR3lwI+CsQ=="],

    "debug": ["debug@4.4.3", "", { "dependencies": { "ms": "^2.1.3" } }, "sha512-RGwwWnwQvkVfavKVt22FGLw+xYSdzARwm0ru6DhTVA3umU5hZc28V3kO4stgYryrTlLpuvgI9GiijltAjNbcqA=="],

    "eventsource-parser": ["eventsource-parser@3.0.6", "", {}, "sha512-Vo1ab+QXPzZ4tCa8SwIHJFaSzy4R6SHf7BY79rFBDf0idraZWAkYrDjDj8uWaSm3S2TK+hJ7/t1CEmZ7jXw+pg=="],

    "file-uri-to-path": ["file-uri-to-path@1.0.0", "", {}, "sha512-0Zt+s3L7Vf1biwWZ29aARiVYLx7iMGnEUl9x33fbB/j3jR81u/O2LbqK+Bm1CDSNDKVtJ/YjwY7TUd5SkeLQLw=="],

    "json-schema": ["json-schema@0.4.0", "", {}, "sha512-es94M3nTIfsEPisRafak+HDLfHXnKBhV3vU5eqPcS3flIWqcxJWgXHXiey3YrpaNsanY5ei1VoYEbOzijuq9BA=="],

    "ms": ["ms@2.1.3", "", {}, "sha512-6FlzubTLZG3J2a/NVCAleEhjzq5oxgHyaCU9yYXvcLsvoVaHJq/s5xXI6/XXP6tz7R9xAOtHnSO/tXtF3WRTlA=="],

    "speaker": ["speaker@0.5.5", "", { "dependencies": { "bindings": "^1.3.0", "buffer-alloc": "^1.1.0", "debug": "^4.0.0" } }, "sha512-IBeMZUITigYBO139h0+1MAgBHNZF55GFJN4U/Box35Sg49cfqYkbCO92TXoCUy22Ast08zfqKuXLvPxq9CWwLw=="],

    "typescript": ["typescript@5.9.3", "", { "bin": { "tsc": "bin/tsc", "tsserver": "bin/tsserver" } }, "sha512-jl1vZzPDinLr9eUt3J/t7V6FgNEw9QjvBPdysz9KfQDD41fQrC2Y4vKQdiaUpFT4bXlb1RHhLpp8wtm6M5TgSw=="],

    "undici-types": ["undici-types@7.16.0", "", {}, "sha512-Zz+aZWSj8LE6zoxD+xrjh4VfkIG8Ya6LvYkZqtUQGJPZjYl53ypCaUwWqo7eI0x66KBGeRo+mlBEkMSeSZ38Nw=="],

    "voicevox-client": ["voicevox-client@0.3.1", "", {}, "sha512-5KFZczRHWMEHzqIrE8VjYJ8OkFerUyIVwRPL2XlW+iuWaX6LREBSAKLZpaX3MaH2warhFo5NQ2b779e9dTsOeA=="],

    "ws": ["ws@8.19.0", "", { "peerDependencies": { "bufferutil": "^4.0.1", "utf-8-validate": ">=5.0.2" }, "optionalPeers": ["bufferutil", "utf-8-validate"] }, "sha512-blAT2mjOEIi0ZzruJfIhb3nps74PRWTCz1IjglWEEpQl5XS/UNama6u2/rjFkDDouqr4L67ry+1aGIALViWjDg=="],

    "zod": ["zod@4.3.5", "", {}, "sha512-k7Nwx6vuWx1IJ9Bjuf4Zt1PEllcwe7cls3VNzm4CQ1/hgtFUK2bRNG3rvnpPUhFjmqJKAKtjV576KnUkHocg/g=="],

    "@ai-sdk/google/@ai-sdk/provider": ["@ai-sdk/provider@3.0.4", "", { "dependencies": { "json-schema": "^0.4.0" } }, "sha512-5KXyBOSEX+l67elrEa+wqo/LSsSTtrPj9Uoh3zMbe/ceQX4ucHI3b9nUEfNkGF3Ry1svv90widAt+aiKdIJasQ=="],

    "@ai-sdk/google/@ai-sdk/provider-utils": ["@ai-sdk/provider-utils@4.0.8", "", { "dependencies": { "@ai-sdk/provider": "3.0.4", "@standard-schema/spec": "^1.1.0", "eventsource-parser": "^3.0.6" }, "peerDependencies": { "zod": "^3.25.76 || ^4.1.8" } }, "sha512-ns9gN7MmpI8vTRandzgz+KK/zNMLzhrriiKECMt4euLtQFSBgNfydtagPOX4j4pS1/3KvHF6RivhT3gNQgBZsg=="],
  }
}
